[[package]]
name = "fastapi"
version = "0.100.0"

[[package]]
name = "uvicorn"
version = "0.23.1"

[[package]]
name = "pydantic"
version = "1.10.9"

[[package]]
name = "openenv"
version = "0.2.0"

[[package]]
name = "anyio"
version = "3.7.0"

[[package]]
name = "starlette"
version = "0.30.0"

[[package]]
name = "typing-extensions"
version = "4.7.1"